// !$*UTF8*$!
{
	archiveVersion = 1;
	classes = {
	};
	objectVersion = 46;
	objects = {

/* Begin PBXBuildFile section */
		FA0D87241C9AF1E40098F7A6 /* SMBluetoothDevice.h in Headers */ = {isa = PBXBuildFile; fileRef = FA0D87221C9AF1E40098F7A6 /* SMBluetoothDevice.h */; settings = {ATTRIBUTES = (Public, ); }; };
		FA0D87251C9AF1E40098F7A6 /* SMBluetoothDevice.m in Sources */ = {isa = PBXBuildFile; fileRef = FA0D87231C9AF1E40098F7A6 /* SMBluetoothDevice.m */; };
		FA0D87281C9AF20C0098F7A6 /* SMBluetoothData.h in Headers */ = {isa = PBXBuildFile; fileRef = FA0D87261C9AF20C0098F7A6 /* SMBluetoothData.h */; settings = {ATTRIBUTES = (Public, ); }; };
		FA0D87291C9AF20C0098F7A6 /* SMBluetoothData.m in Sources */ = {isa = PBXBuildFile; fileRef = FA0D87271C9AF20C0098F7A6 /* SMBluetoothData.m */; };
		FA5D45631C99761900F0C119 /* SMProximityDataTests.m in Sources */ = {isa = PBXBuildFile; fileRef = FA5D45621C99761900F0C119 /* SMProximityDataTests.m */; };
		FA5D45651C9978A200F0C119 /* SMStepsDataTests.m in Sources */ = {isa = PBXBuildFile; fileRef = FA5D45641C9978A200F0C119 /* SMStepsDataTests.m */; };
		FA5D45691C997D6900F0C119 /* SMBatterySensorTests.m in Sources */ = {isa = PBXBuildFile; fileRef = FA5D45681C997D6900F0C119 /* SMBatterySensorTests.m */; };
		FA9567A61CA8933100D87123 /* SMGeoPositionData.h in Headers */ = {isa = PBXBuildFile; fileRef = FA9567A41CA8933100D87123 /* SMGeoPositionData.h */; settings = {ATTRIBUTES = (Public, ); }; };
		FA9567A71CA8933100D87123 /* SMGeoPositionData.m in Sources */ = {isa = PBXBuildFile; fileRef = FA9567A51CA8933100D87123 /* SMGeoPositionData.m */; };
		FA9567AA1CA8934600D87123 /* SMLocationSensor.h in Headers */ = {isa = PBXBuildFile; fileRef = FA9567A81CA8934600D87123 /* SMLocationSensor.h */; settings = {ATTRIBUTES = (Public, ); }; };
		FA9567AB1CA8934600D87123 /* SMLocationSensor.m in Sources */ = {isa = PBXBuildFile; fileRef = FA9567A91CA8934600D87123 /* SMLocationSensor.m */; };
		FA9567AE1CA8969600D87123 /* SMGeoPositionDataTests.m in Sources */ = {isa = PBXBuildFile; fileRef = FA9567AD1CA8969600D87123 /* SMGeoPositionDataTests.m */; };
		FA9CF3C61BDFBEE1005F906C /* SMStepSensor.h in Headers */ = {isa = PBXBuildFile; fileRef = FA9CF3C41BDFBEE1005F906C /* SMStepSensor.h */; settings = {ATTRIBUTES = (Public, ); }; };
		FA9CF3C71BDFBEE1005F906C /* SMStepSensor.m in Sources */ = {isa = PBXBuildFile; fileRef = FA9CF3C51BDFBEE1005F906C /* SMStepSensor.m */; };
		FA9CF3CA1BDFBF5E005F906C /* SMStepsData.h in Headers */ = {isa = PBXBuildFile; fileRef = FA9CF3C81BDFBF5E005F906C /* SMStepsData.h */; settings = {ATTRIBUTES = (Public, ); }; };
		FA9CF3CB1BDFBF5E005F906C /* SMStepsData.m in Sources */ = {isa = PBXBuildFile; fileRef = FA9CF3C91BDFBF5E005F906C /* SMStepsData.m */; };
		FABB1CDE1BCDBB9200FE8909 /* MobileWiFi.framework in Frameworks */ = {isa = PBXBuildFile; fileRef = FABB1CDD1BCDBB9200FE8909 /* MobileWiFi.framework */; };
		FAE469B71BB3264D00B6E4BA /* SMSenseMatters.h in CopyFiles */ = {isa = PBXBuildFile; fileRef = FAE469B61BB3264D00B6E4BA /* SMSenseMatters.h */; };
		FAE469B91BB3264D00B6E4BA /* SMSenseMatters.m in Sources */ = {isa = PBXBuildFile; fileRef = FAE469B81BB3264D00B6E4BA /* SMSenseMatters.m */; };
		FAE469CE1BB3277600B6E4BA /* SMSenseMatters.h in Headers */ = {isa = PBXBuildFile; fileRef = FAE469B61BB3264D00B6E4BA /* SMSenseMatters.h */; settings = {ATTRIBUTES = (Public, ); }; };
		FAE469EB1BB3357900B6E4BA /* SM3DMotionSensorData.h in Headers */ = {isa = PBXBuildFile; fileRef = FAE469E71BB3357900B6E4BA /* SM3DMotionSensorData.h */; settings = {ATTRIBUTES = (Public, ); }; };
		FAE469EC1BB3357900B6E4BA /* SM3DMotionSensorData.m in Sources */ = {isa = PBXBuildFile; fileRef = FAE469E81BB3357900B6E4BA /* SM3DMotionSensorData.m */; };
		FAE469ED1BB3357900B6E4BA /* SMSensorData.h in Headers */ = {isa = PBXBuildFile; fileRef = FAE469E91BB3357900B6E4BA /* SMSensorData.h */; settings = {ATTRIBUTES = (Public, ); }; };
		FAE469EE1BB3357900B6E4BA /* SMSensorData.m in Sources */ = {isa = PBXBuildFile; fileRef = FAE469EA1BB3357900B6E4BA /* SMSensorData.m */; };
		FAE469F51BB3359700B6E4BA /* SMAccelerometerSensor.h in Headers */ = {isa = PBXBuildFile; fileRef = FAE469EF1BB3359700B6E4BA /* SMAccelerometerSensor.h */; settings = {ATTRIBUTES = (Public, ); }; };
		FAE469F61BB3359700B6E4BA /* SMAccelerometerSensor.m in Sources */ = {isa = PBXBuildFile; fileRef = FAE469F01BB3359700B6E4BA /* SMAccelerometerSensor.m */; };
		FAE469F71BB3359700B6E4BA /* SMGyroscopeSensor.h in Headers */ = {isa = PBXBuildFile; fileRef = FAE469F11BB3359700B6E4BA /* SMGyroscopeSensor.h */; settings = {ATTRIBUTES = (Public, ); }; };
		FAE469F81BB3359700B6E4BA /* SMGyroscopeSensor.m in Sources */ = {isa = PBXBuildFile; fileRef = FAE469F21BB3359700B6E4BA /* SMGyroscopeSensor.m */; };
		FAE469F91BB3359700B6E4BA /* SMSensor.h in Headers */ = {isa = PBXBuildFile; fileRef = FAE469F31BB3359700B6E4BA /* SMSensor.h */; settings = {ATTRIBUTES = (Public, ); }; };
		FAE469FA1BB3359700B6E4BA /* SMSensor.m in Sources */ = {isa = PBXBuildFile; fileRef = FAE469F41BB3359700B6E4BA /* SMSensor.m */; };
		FAE46A011BB4057100B6E4BA /* SMBatterySensor.h in Headers */ = {isa = PBXBuildFile; fileRef = FAE469FF1BB4057100B6E4BA /* SMBatterySensor.h */; settings = {ATTRIBUTES = (Public, ); }; };
		FAE46A021BB4057100B6E4BA /* SMBatterySensor.m in Sources */ = {isa = PBXBuildFile; fileRef = FAE46A001BB4057100B6E4BA /* SMBatterySensor.m */; };
		FAE46A051BB4061800B6E4BA /* SMBatteryData.h in Headers */ = {isa = PBXBuildFile; fileRef = FAE46A031BB4061800B6E4BA /* SMBatteryData.h */; settings = {ATTRIBUTES = (Public, ); }; };
		FAE46A061BB4061800B6E4BA /* SMBatteryData.m in Sources */ = {isa = PBXBuildFile; fileRef = FAE46A041BB4061800B6E4BA /* SMBatteryData.m */; };
		FAE46A091BB4098A00B6E4BA /* SMProximityData.h in Headers */ = {isa = PBXBuildFile; fileRef = FAE46A071BB4098A00B6E4BA /* SMProximityData.h */; settings = {ATTRIBUTES = (Public, ); }; };
		FAE46A0A1BB4098A00B6E4BA /* SMProximityData.m in Sources */ = {isa = PBXBuildFile; fileRef = FAE46A081BB4098A00B6E4BA /* SMProximityData.m */; };
		FAE46A0D1BB409A300B6E4BA /* SMProximitySensor.h in Headers */ = {isa = PBXBuildFile; fileRef = FAE46A0B1BB409A300B6E4BA /* SMProximitySensor.h */; settings = {ATTRIBUTES = (Public, ); }; };
		FAE46A0E1BB409A300B6E4BA /* SMProximitySensor.m in Sources */ = {isa = PBXBuildFile; fileRef = FAE46A0C1BB409A300B6E4BA /* SMProximitySensor.m */; };
		FAE46A101BB40B1500B6E4BA /* CoreBluetooth.framework in Frameworks */ = {isa = PBXBuildFile; fileRef = FAE46A0F1BB40B1500B6E4BA /* CoreBluetooth.framework */; };
		FAE46A131BB40B4100B6E4BA /* SMBluetoothDiscoverySensor.h in Headers */ = {isa = PBXBuildFile; fileRef = FAE46A111BB40B4100B6E4BA /* SMBluetoothDiscoverySensor.h */; settings = {ATTRIBUTES = (Public, ); }; };
		FAE46A141BB40B4100B6E4BA /* SMBluetoothDiscoverySensor.m in Sources */ = {isa = PBXBuildFile; fileRef = FAE46A121BB40B4100B6E4BA /* SMBluetoothDiscoverySensor.m */; };
		FAF5514B1C980DEB00C001AA /* SMSenseMattersTests.m in Sources */ = {isa = PBXBuildFile; fileRef = FAF5514A1C980DEB00C001AA /* SMSenseMattersTests.m */; };
		FAF5514D1C980DEB00C001AA /* libSMSenseMatters.a in Frameworks */ = {isa = PBXBuildFile; fileRef = FAE469B31BB3264D00B6E4BA /* libSMSenseMatters.a */; };
		FAF551541C980ED100C001AA /* SM3DMotionSensorDataTests.m in Sources */ = {isa = PBXBuildFile; fileRef = FAF551531C980ED100C001AA /* SM3DMotionSensorDataTests.m */; };
		FAF551581C9815B400C001AA /* SMBatteryDataTests.m in Sources */ = {isa = PBXBuildFile; fileRef = FAF551571C9815B400C001AA /* SMBatteryDataTests.m */; };
		FAFE5E5F1BDFC8CE00D34420 /* SMMagnetometerSensor.h in Headers */ = {isa = PBXBuildFile; fileRef = FAFE5E5D1BDFC8CE00D34420 /* SMMagnetometerSensor.h */; settings = {ATTRIBUTES = (Public, ); }; };
		FAFE5E601BDFC8CE00D34420 /* SMMagnetometerSensor.m in Sources */ = {isa = PBXBuildFile; fileRef = FAFE5E5E1BDFC8CE00D34420 /* SMMagnetometerSensor.m */; };
/* End PBXBuildFile section */

/* Begin PBXContainerItemProxy section */
		FAF5514E1C980DEB00C001AA /* PBXContainerItemProxy */ = {
			isa = PBXContainerItemProxy;
			containerPortal = FAE469AB1BB3264D00B6E4BA /* Project object */;
			proxyType = 1;
			remoteGlobalIDString = FAE469B21BB3264D00B6E4BA;
			remoteInfo = SMSenseMatters;
		};
/* End PBXContainerItemProxy section */

/* Begin PBXCopyFilesBuildPhase section */
		FAE469B11BB3264D00B6E4BA /* CopyFiles */ = {
			isa = PBXCopyFilesBuildPhase;
			buildActionMask = 2147483647;
			dstPath = "include/$(PRODUCT_NAME)";
			dstSubfolderSpec = 16;
			files = (
				FAE469B71BB3264D00B6E4BA /* SMSenseMatters.h in CopyFiles */,
			);
			runOnlyForDeploymentPostprocessing = 0;
		};
/* End PBXCopyFilesBuildPhase section */

/* Begin PBXFileReference section */
		FA0D87221C9AF1E40098F7A6 /* SMBluetoothDevice.h */ = {isa = PBXFileReference; fileEncoding = 4; lastKnownFileType = sourcecode.c.h; name = SMBluetoothDevice.h; path = Data/SMBluetoothDevice.h; sourceTree = "<group>"; };
		FA0D87231C9AF1E40098F7A6 /* SMBluetoothDevice.m */ = {isa = PBXFileReference; fileEncoding = 4; lastKnownFileType = sourcecode.c.objc; name = SMBluetoothDevice.m; path = Data/SMBluetoothDevice.m; sourceTree = "<group>"; };
		FA0D87261C9AF20C0098F7A6 /* SMBluetoothData.h */ = {isa = PBXFileReference; fileEncoding = 4; lastKnownFileType = sourcecode.c.h; name = SMBluetoothData.h; path = Data/SMBluetoothData.h; sourceTree = "<group>"; };
		FA0D87271C9AF20C0098F7A6 /* SMBluetoothData.m */ = {isa = PBXFileReference; fileEncoding = 4; lastKnownFileType = sourcecode.c.objc; name = SMBluetoothData.m; path = Data/SMBluetoothData.m; sourceTree = "<group>"; };
		FA5D45621C99761900F0C119 /* SMProximityDataTests.m */ = {isa = PBXFileReference; fileEncoding = 4; lastKnownFileType = sourcecode.c.objc; name = SMProximityDataTests.m; path = Data/SMProximityDataTests.m; sourceTree = "<group>"; };
		FA5D45641C9978A200F0C119 /* SMStepsDataTests.m */ = {isa = PBXFileReference; fileEncoding = 4; lastKnownFileType = sourcecode.c.objc; name = SMStepsDataTests.m; path = Data/SMStepsDataTests.m; sourceTree = "<group>"; };
		FA5D45681C997D6900F0C119 /* SMBatterySensorTests.m */ = {isa = PBXFileReference; fileEncoding = 4; lastKnownFileType = sourcecode.c.objc; name = SMBatterySensorTests.m; path = Sensors/SMBatterySensorTests.m; sourceTree = "<group>"; };
		FA9567A41CA8933100D87123 /* SMGeoPositionData.h */ = {isa = PBXFileReference; fileEncoding = 4; lastKnownFileType = sourcecode.c.h; name = SMGeoPositionData.h; path = Data/SMGeoPositionData.h; sourceTree = "<group>"; };
		FA9567A51CA8933100D87123 /* SMGeoPositionData.m */ = {isa = PBXFileReference; fileEncoding = 4; lastKnownFileType = sourcecode.c.objc; name = SMGeoPositionData.m; path = Data/SMGeoPositionData.m; sourceTree = "<group>"; };
		FA9567A81CA8934600D87123 /* SMLocationSensor.h */ = {isa = PBXFileReference; fileEncoding = 4; lastKnownFileType = sourcecode.c.h; name = SMLocationSensor.h; path = Sensors/SMLocationSensor.h; sourceTree = "<group>"; };
		FA9567A91CA8934600D87123 /* SMLocationSensor.m */ = {isa = PBXFileReference; fileEncoding = 4; lastKnownFileType = sourcecode.c.objc; name = SMLocationSensor.m; path = Sensors/SMLocationSensor.m; sourceTree = "<group>"; };
		FA9567AD1CA8969600D87123 /* SMGeoPositionDataTests.m */ = {isa = PBXFileReference; fileEncoding = 4; lastKnownFileType = sourcecode.c.objc; name = SMGeoPositionDataTests.m; path = Data/SMGeoPositionDataTests.m; sourceTree = "<group>"; };
		FA9CF3C41BDFBEE1005F906C /* SMStepSensor.h */ = {isa = PBXFileReference; fileEncoding = 4; lastKnownFileType = sourcecode.c.h; name = SMStepSensor.h; path = Sensors/SMStepSensor.h; sourceTree = "<group>"; };
		FA9CF3C51BDFBEE1005F906C /* SMStepSensor.m */ = {isa = PBXFileReference; fileEncoding = 4; lastKnownFileType = sourcecode.c.objc; name = SMStepSensor.m; path = Sensors/SMStepSensor.m; sourceTree = "<group>"; };
		FA9CF3C81BDFBF5E005F906C /* SMStepsData.h */ = {isa = PBXFileReference; fileEncoding = 4; lastKnownFileType = sourcecode.c.h; name = SMStepsData.h; path = Data/SMStepsData.h; sourceTree = "<group>"; };
		FA9CF3C91BDFBF5E005F906C /* SMStepsData.m */ = {isa = PBXFileReference; fileEncoding = 4; lastKnownFileType = sourcecode.c.objc; name = SMStepsData.m; path = Data/SMStepsData.m; sourceTree = "<group>"; };
		FABB1CDD1BCDBB9200FE8909 /* MobileWiFi.framework */ = {isa = PBXFileReference; lastKnownFileType = wrapper.framework; path = MobileWiFi.framework; sourceTree = "<group>"; };
		FABB1CE11BCDBBC700FE8909 /* MobileWiFi.h */ = {isa = PBXFileReference; lastKnownFileType = sourcecode.c.h; path = MobileWiFi.h; sourceTree = "<group>"; };
		FABB1CE21BCDBBC700FE8909 /* WiFiDeviceClient.h */ = {isa = PBXFileReference; lastKnownFileType = sourcecode.c.h; path = WiFiDeviceClient.h; sourceTree = "<group>"; };
		FABB1CE31BCDBBC700FE8909 /* WiFiManager.h */ = {isa = PBXFileReference; lastKnownFileType = sourcecode.c.h; path = WiFiManager.h; sourceTree = "<group>"; };
		FABB1CE41BCDBBC700FE8909 /* WiFiNetwork.h */ = {isa = PBXFileReference; lastKnownFileType = sourcecode.c.h; path = WiFiNetwork.h; sourceTree = "<group>"; };
		FAE469B31BB3264D00B6E4BA /* libSMSenseMatters.a */ = {isa = PBXFileReference; explicitFileType = archive.ar; includeInIndex = 0; path = libSMSenseMatters.a; sourceTree = BUILT_PRODUCTS_DIR; };
		FAE469B61BB3264D00B6E4BA /* SMSenseMatters.h */ = {isa = PBXFileReference; lastKnownFileType = sourcecode.c.h; path = SMSenseMatters.h; sourceTree = "<group>"; };
		FAE469B81BB3264D00B6E4BA /* SMSenseMatters.m */ = {isa = PBXFileReference; lastKnownFileType = sourcecode.c.objc; path = SMSenseMatters.m; sourceTree = "<group>"; };
		FAE469E71BB3357900B6E4BA /* SM3DMotionSensorData.h */ = {isa = PBXFileReference; fileEncoding = 4; lastKnownFileType = sourcecode.c.h; name = SM3DMotionSensorData.h; path = Data/SM3DMotionSensorData.h; sourceTree = "<group>"; };
		FAE469E81BB3357900B6E4BA /* SM3DMotionSensorData.m */ = {isa = PBXFileReference; fileEncoding = 4; lastKnownFileType = sourcecode.c.objc; name = SM3DMotionSensorData.m; path = Data/SM3DMotionSensorData.m; sourceTree = "<group>"; };
		FAE469E91BB3357900B6E4BA /* SMSensorData.h */ = {isa = PBXFileReference; fileEncoding = 4; lastKnownFileType = sourcecode.c.h; name = SMSensorData.h; path = Data/SMSensorData.h; sourceTree = "<group>"; };
		FAE469EA1BB3357900B6E4BA /* SMSensorData.m */ = {isa = PBXFileReference; fileEncoding = 4; lastKnownFileType = sourcecode.c.objc; name = SMSensorData.m; path = Data/SMSensorData.m; sourceTree = "<group>"; };
		FAE469EF1BB3359700B6E4BA /* SMAccelerometerSensor.h */ = {isa = PBXFileReference; fileEncoding = 4; lastKnownFileType = sourcecode.c.h; name = SMAccelerometerSensor.h; path = Sensors/SMAccelerometerSensor.h; sourceTree = "<group>"; };
		FAE469F01BB3359700B6E4BA /* SMAccelerometerSensor.m */ = {isa = PBXFileReference; fileEncoding = 4; lastKnownFileType = sourcecode.c.objc; name = SMAccelerometerSensor.m; path = Sensors/SMAccelerometerSensor.m; sourceTree = "<group>"; };
		FAE469F11BB3359700B6E4BA /* SMGyroscopeSensor.h */ = {isa = PBXFileReference; fileEncoding = 4; lastKnownFileType = sourcecode.c.h; name = SMGyroscopeSensor.h; path = Sensors/SMGyroscopeSensor.h; sourceTree = "<group>"; };
		FAE469F21BB3359700B6E4BA /* SMGyroscopeSensor.m */ = {isa = PBXFileReference; fileEncoding = 4; lastKnownFileType = sourcecode.c.objc; name = SMGyroscopeSensor.m; path = Sensors/SMGyroscopeSensor.m; sourceTree = "<group>"; };
		FAE469F31BB3359700B6E4BA /* SMSensor.h */ = {isa = PBXFileReference; fileEncoding = 4; lastKnownFileType = sourcecode.c.h; name = SMSensor.h; path = Sensors/SMSensor.h; sourceTree = "<group>"; };
		FAE469F41BB3359700B6E4BA /* SMSensor.m */ = {isa = PBXFileReference; fileEncoding = 4; lastKnownFileType = sourcecode.c.objc; name = SMSensor.m; path = Sensors/SMSensor.m; sourceTree = "<group>"; };
		FAE469FF1BB4057100B6E4BA /* SMBatterySensor.h */ = {isa = PBXFileReference; fileEncoding = 4; lastKnownFileType = sourcecode.c.h; name = SMBatterySensor.h; path = Sensors/SMBatterySensor.h; sourceTree = "<group>"; };
		FAE46A001BB4057100B6E4BA /* SMBatterySensor.m */ = {isa = PBXFileReference; fileEncoding = 4; lastKnownFileType = sourcecode.c.objc; name = SMBatterySensor.m; path = Sensors/SMBatterySensor.m; sourceTree = "<group>"; };
		FAE46A031BB4061800B6E4BA /* SMBatteryData.h */ = {isa = PBXFileReference; fileEncoding = 4; lastKnownFileType = sourcecode.c.h; name = SMBatteryData.h; path = Data/SMBatteryData.h; sourceTree = "<group>"; };
		FAE46A041BB4061800B6E4BA /* SMBatteryData.m */ = {isa = PBXFileReference; fileEncoding = 4; lastKnownFileType = sourcecode.c.objc; name = SMBatteryData.m; path = Data/SMBatteryData.m; sourceTree = "<group>"; };
		FAE46A071BB4098A00B6E4BA /* SMProximityData.h */ = {isa = PBXFileReference; fileEncoding = 4; lastKnownFileType = sourcecode.c.h; name = SMProximityData.h; path = Data/SMProximityData.h; sourceTree = "<group>"; };
		FAE46A081BB4098A00B6E4BA /* SMProximityData.m */ = {isa = PBXFileReference; fileEncoding = 4; lastKnownFileType = sourcecode.c.objc; name = SMProximityData.m; path = Data/SMProximityData.m; sourceTree = "<group>"; };
		FAE46A0B1BB409A300B6E4BA /* SMProximitySensor.h */ = {isa = PBXFileReference; fileEncoding = 4; lastKnownFileType = sourcecode.c.h; name = SMProximitySensor.h; path = Sensors/SMProximitySensor.h; sourceTree = "<group>"; };
		FAE46A0C1BB409A300B6E4BA /* SMProximitySensor.m */ = {isa = PBXFileReference; fileEncoding = 4; lastKnownFileType = sourcecode.c.objc; name = SMProximitySensor.m; path = Sensors/SMProximitySensor.m; sourceTree = "<group>"; };
		FAE46A0F1BB40B1500B6E4BA /* CoreBluetooth.framework */ = {isa = PBXFileReference; lastKnownFileType = wrapper.framework; name = CoreBluetooth.framework; path = System/Library/Frameworks/CoreBluetooth.framework; sourceTree = SDKROOT; };
		FAE46A111BB40B4100B6E4BA /* SMBluetoothDiscoverySensor.h */ = {isa = PBXFileReference; fileEncoding = 4; lastKnownFileType = sourcecode.c.h; name = SMBluetoothDiscoverySensor.h; path = Sensors/SMBluetoothDiscoverySensor.h; sourceTree = "<group>"; };
		FAE46A121BB40B4100B6E4BA /* SMBluetoothDiscoverySensor.m */ = {isa = PBXFileReference; fileEncoding = 4; lastKnownFileType = sourcecode.c.objc; name = SMBluetoothDiscoverySensor.m; path = Sensors/SMBluetoothDiscoverySensor.m; sourceTree = "<group>"; };
		FAF551481C980DEB00C001AA /* SMSenseMattersTests.xctest */ = {isa = PBXFileReference; explicitFileType = wrapper.cfbundle; includeInIndex = 0; path = SMSenseMattersTests.xctest; sourceTree = BUILT_PRODUCTS_DIR; };
		FAF5514A1C980DEB00C001AA /* SMSenseMattersTests.m */ = {isa = PBXFileReference; lastKnownFileType = sourcecode.c.objc; path = SMSenseMattersTests.m; sourceTree = "<group>"; };
		FAF5514C1C980DEB00C001AA /* Info.plist */ = {isa = PBXFileReference; lastKnownFileType = text.plist.xml; path = Info.plist; sourceTree = "<group>"; };
		FAF551531C980ED100C001AA /* SM3DMotionSensorDataTests.m */ = {isa = PBXFileReference; fileEncoding = 4; lastKnownFileType = sourcecode.c.objc; name = SM3DMotionSensorDataTests.m; path = Data/SM3DMotionSensorDataTests.m; sourceTree = "<group>"; };
		FAF551571C9815B400C001AA /* SMBatteryDataTests.m */ = {isa = PBXFileReference; fileEncoding = 4; lastKnownFileType = sourcecode.c.objc; name = SMBatteryDataTests.m; path = Data/SMBatteryDataTests.m; sourceTree = "<group>"; };
		FAFE5E5D1BDFC8CE00D34420 /* SMMagnetometerSensor.h */ = {isa = PBXFileReference; fileEncoding = 4; lastKnownFileType = sourcecode.c.h; name = SMMagnetometerSensor.h; path = Sensors/SMMagnetometerSensor.h; sourceTree = "<group>"; };
		FAFE5E5E1BDFC8CE00D34420 /* SMMagnetometerSensor.m */ = {isa = PBXFileReference; fileEncoding = 4; lastKnownFileType = sourcecode.c.objc; name = SMMagnetometerSensor.m; path = Sensors/SMMagnetometerSensor.m; sourceTree = "<group>"; };
/* End PBXFileReference section */

/* Begin PBXFrameworksBuildPhase section */
		FAE469B01BB3264D00B6E4BA /* Frameworks */ = {
			isa = PBXFrameworksBuildPhase;
			buildActionMask = 2147483647;
			files = (
				FAE46A101BB40B1500B6E4BA /* CoreBluetooth.framework in Frameworks */,
				FABB1CDE1BCDBB9200FE8909 /* MobileWiFi.framework in Frameworks */,
			);
			runOnlyForDeploymentPostprocessing = 0;
		};
		FAF551451C980DEB00C001AA /* Frameworks */ = {
			isa = PBXFrameworksBuildPhase;
			buildActionMask = 2147483647;
			files = (
				FAF5514D1C980DEB00C001AA /* libSMSenseMatters.a in Frameworks */,
			);
			runOnlyForDeploymentPostprocessing = 0;
		};
/* End PBXFrameworksBuildPhase section */

/* Begin PBXGroup section */
		FABB1CDF1BCDBBB900FE8909 /* Framework Headers */ = {
			isa = PBXGroup;
			children = (
				FABB1CE01BCDBBC700FE8909 /* MobileWiFi */,
			);
			name = "Framework Headers";
			sourceTree = "<group>";
		};
		FABB1CE01BCDBBC700FE8909 /* MobileWiFi */ = {
			isa = PBXGroup;
			children = (
				FABB1CE11BCDBBC700FE8909 /* MobileWiFi.h */,
				FABB1CE21BCDBBC700FE8909 /* WiFiDeviceClient.h */,
				FABB1CE31BCDBBC700FE8909 /* WiFiManager.h */,
				FABB1CE41BCDBBC700FE8909 /* WiFiNetwork.h */,
			);
			path = MobileWiFi;
			sourceTree = "<group>";
		};
		FAE469AA1BB3264D00B6E4BA = {
			isa = PBXGroup;
			children = (
				FABB1CDF1BCDBBB900FE8909 /* Framework Headers */,
				FABB1CDD1BCDBB9200FE8909 /* MobileWiFi.framework */,
				FAE46A0F1BB40B1500B6E4BA /* CoreBluetooth.framework */,
				FAE469B51BB3264D00B6E4BA /* SMSenseMatters */,
				FAF551491C980DEB00C001AA /* SMSenseMattersTests */,
				FAE469B41BB3264D00B6E4BA /* Products */,
			);
			sourceTree = "<group>";
		};
		FAE469B41BB3264D00B6E4BA /* Products */ = {
			isa = PBXGroup;
			children = (
				FAE469B31BB3264D00B6E4BA /* libSMSenseMatters.a */,
				FAF551481C980DEB00C001AA /* SMSenseMattersTests.xctest */,
			);
			name = Products;
			sourceTree = "<group>";
		};
		FAE469B51BB3264D00B6E4BA /* SMSenseMatters */ = {
			isa = PBXGroup;
			children = (
				FAE469C61BB326C100B6E4BA /* Data */,
				FAE469BF1BB3268400B6E4BA /* Sensors */,
				FAE469B61BB3264D00B6E4BA /* SMSenseMatters.h */,
				FAE469B81BB3264D00B6E4BA /* SMSenseMatters.m */,
			);
			path = SMSenseMatters;
			sourceTree = "<group>";
		};
		FAE469BF1BB3268400B6E4BA /* Sensors */ = {
			isa = PBXGroup;
			children = (
				FAE469EF1BB3359700B6E4BA /* SMAccelerometerSensor.h */,
				FAE469F01BB3359700B6E4BA /* SMAccelerometerSensor.m */,
				FAE469F11BB3359700B6E4BA /* SMGyroscopeSensor.h */,
				FAE469F21BB3359700B6E4BA /* SMGyroscopeSensor.m */,
				FAE469FF1BB4057100B6E4BA /* SMBatterySensor.h */,
				FAE46A001BB4057100B6E4BA /* SMBatterySensor.m */,
				FAE46A0B1BB409A300B6E4BA /* SMProximitySensor.h */,
				FAE46A0C1BB409A300B6E4BA /* SMProximitySensor.m */,
				FAE46A111BB40B4100B6E4BA /* SMBluetoothDiscoverySensor.h */,
				FAE46A121BB40B4100B6E4BA /* SMBluetoothDiscoverySensor.m */,
				FAE469F31BB3359700B6E4BA /* SMSensor.h */,
				FAE469F41BB3359700B6E4BA /* SMSensor.m */,
				FA9CF3C41BDFBEE1005F906C /* SMStepSensor.h */,
				FA9CF3C51BDFBEE1005F906C /* SMStepSensor.m */,
				FAFE5E5D1BDFC8CE00D34420 /* SMMagnetometerSensor.h */,
				FAFE5E5E1BDFC8CE00D34420 /* SMMagnetometerSensor.m */,
				FA9567A81CA8934600D87123 /* SMLocationSensor.h */,
				FA9567A91CA8934600D87123 /* SMLocationSensor.m */,
			);
			name = Sensors;
			sourceTree = "<group>";
		};
		FAE469C61BB326C100B6E4BA /* Data */ = {
			isa = PBXGroup;
			children = (
				FAE469E71BB3357900B6E4BA /* SM3DMotionSensorData.h */,
				FAE469E81BB3357900B6E4BA /* SM3DMotionSensorData.m */,
				FAE469E91BB3357900B6E4BA /* SMSensorData.h */,
				FAE469EA1BB3357900B6E4BA /* SMSensorData.m */,
				FAE46A031BB4061800B6E4BA /* SMBatteryData.h */,
				FAE46A041BB4061800B6E4BA /* SMBatteryData.m */,
				FAE46A071BB4098A00B6E4BA /* SMProximityData.h */,
				FAE46A081BB4098A00B6E4BA /* SMProximityData.m */,
				FA9CF3C81BDFBF5E005F906C /* SMStepsData.h */,
				FA9CF3C91BDFBF5E005F906C /* SMStepsData.m */,
				FA0D87221C9AF1E40098F7A6 /* SMBluetoothDevice.h */,
				FA0D87231C9AF1E40098F7A6 /* SMBluetoothDevice.m */,
				FA0D87261C9AF20C0098F7A6 /* SMBluetoothData.h */,
				FA0D87271C9AF20C0098F7A6 /* SMBluetoothData.m */,
				FA9567A41CA8933100D87123 /* SMGeoPositionData.h */,
				FA9567A51CA8933100D87123 /* SMGeoPositionData.m */,
			);
			name = Data;
			sourceTree = "<group>";
		};
		FAF551491C980DEB00C001AA /* SMSenseMattersTests */ = {
			isa = PBXGroup;
			children = (
				FAF551561C980EDB00C001AA /* Sensors */,
				FAF551551C980ED500C001AA /* Data */,
				FAF5514A1C980DEB00C001AA /* SMSenseMattersTests.m */,
				FAF5514C1C980DEB00C001AA /* Info.plist */,
			);
			path = SMSenseMattersTests;
			sourceTree = "<group>";
		};
		FAF551551C980ED500C001AA /* Data */ = {
			isa = PBXGroup;
			children = (
				FAF551531C980ED100C001AA /* SM3DMotionSensorDataTests.m */,
				FAF551571C9815B400C001AA /* SMBatteryDataTests.m */,
				FA5D45621C99761900F0C119 /* SMProximityDataTests.m */,
				FA5D45641C9978A200F0C119 /* SMStepsDataTests.m */,
				FA9567AD1CA8969600D87123 /* SMGeoPositionDataTests.m */,
			);
			name = Data;
			sourceTree = "<group>";
		};
		FAF551561C980EDB00C001AA /* Sensors */ = {
			isa = PBXGroup;
			children = (
				FA5D45681C997D6900F0C119 /* SMBatterySensorTests.m */,
			);
			name = Sensors;
			sourceTree = "<group>";
		};
/* End PBXGroup section */

/* Begin PBXHeadersBuildPhase section */
		FAE469CD1BB3276900B6E4BA /* Headers */ = {
			isa = PBXHeadersBuildPhase;
			buildActionMask = 2147483647;
			files = (
				FAE46A0D1BB409A300B6E4BA /* SMProximitySensor.h in Headers */,
				FAE469F91BB3359700B6E4BA /* SMSensor.h in Headers */,
				FAE469ED1BB3357900B6E4BA /* SMSensorData.h in Headers */,
				FAE46A091BB4098A00B6E4BA /* SMProximityData.h in Headers */,
				FAE46A131BB40B4100B6E4BA /* SMBluetoothDiscoverySensor.h in Headers */,
				FAE46A051BB4061800B6E4BA /* SMBatteryData.h in Headers */,
				FA9CF3C61BDFBEE1005F906C /* SMStepSensor.h in Headers */,
				FA0D87281C9AF20C0098F7A6 /* SMBluetoothData.h in Headers */,
				FAE469F71BB3359700B6E4BA /* SMGyroscopeSensor.h in Headers */,
				FA9567AA1CA8934600D87123 /* SMLocationSensor.h in Headers */,
				FA9CF3CA1BDFBF5E005F906C /* SMStepsData.h in Headers */,
				FA9567A61CA8933100D87123 /* SMGeoPositionData.h in Headers */,
				FAE469EB1BB3357900B6E4BA /* SM3DMotionSensorData.h in Headers */,
				FA0D87241C9AF1E40098F7A6 /* SMBluetoothDevice.h in Headers */,
				FAE469F51BB3359700B6E4BA /* SMAccelerometerSensor.h in Headers */,
				FAE46A011BB4057100B6E4BA /* SMBatterySensor.h in Headers */,
				FAFE5E5F1BDFC8CE00D34420 /* SMMagnetometerSensor.h in Headers */,
				FAE469CE1BB3277600B6E4BA /* SMSenseMatters.h in Headers */,
			);
			runOnlyForDeploymentPostprocessing = 0;
		};
/* End PBXHeadersBuildPhase section */

/* Begin PBXNativeTarget section */
		FAE469B21BB3264D00B6E4BA /* SMSenseMatters */ = {
			isa = PBXNativeTarget;
			buildConfigurationList = FAE469BC1BB3264D00B6E4BA /* Build configuration list for PBXNativeTarget "SMSenseMatters" */;
			buildPhases = (
				FAE469AF1BB3264D00B6E4BA /* Sources */,
				FAE469B01BB3264D00B6E4BA /* Frameworks */,
				FAE469B11BB3264D00B6E4BA /* CopyFiles */,
				FAE469CD1BB3276900B6E4BA /* Headers */,
			);
			buildRules = (
			);
			dependencies = (
			);
			name = SMSenseMatters;
			productName = SMSenseMatters;
			productReference = FAE469B31BB3264D00B6E4BA /* libSMSenseMatters.a */;
			productType = "com.apple.product-type.library.static";
		};
		FAF551471C980DEB00C001AA /* SMSenseMattersTests */ = {
			isa = PBXNativeTarget;
			buildConfigurationList = FAF551521C980DEB00C001AA /* Build configuration list for PBXNativeTarget "SMSenseMattersTests" */;
			buildPhases = (
				FAF551441C980DEB00C001AA /* Sources */,
				FAF551451C980DEB00C001AA /* Frameworks */,
				FAF551461C980DEB00C001AA /* Resources */,
			);
			buildRules = (
			);
			dependencies = (
				FAF5514F1C980DEB00C001AA /* PBXTargetDependency */,
			);
			name = SMSenseMattersTests;
			productName = SMSenseMattersTests;
			productReference = FAF551481C980DEB00C001AA /* SMSenseMattersTests.xctest */;
			productType = "com.apple.product-type.bundle.unit-test";
		};
/* End PBXNativeTarget section */

/* Begin PBXProject section */
		FAE469AB1BB3264D00B6E4BA /* Project object */ = {
			isa = PBXProject;
			attributes = {
				KnownAssetTags = (
					Frameworks,
				);
				LastUpgradeCheck = 0700;
				ORGANIZATIONNAME = "Alex Blundell";
				TargetAttributes = {
					FAE469B21BB3264D00B6E4BA = {
						CreatedOnToolsVersion = 7.0;
					};
					FAF551471C980DEB00C001AA = {
						CreatedOnToolsVersion = 7.2.1;
					};
				};
			};
			buildConfigurationList = FAE469AE1BB3264D00B6E4BA /* Build configuration list for PBXProject "SMSenseMatters" */;
			compatibilityVersion = "Xcode 3.2";
			developmentRegion = English;
			hasScannedForEncodings = 0;
			knownRegions = (
				en,
			);
			mainGroup = FAE469AA1BB3264D00B6E4BA;
			productRefGroup = FAE469B41BB3264D00B6E4BA /* Products */;
			projectDirPath = "";
			projectRoot = "";
			targets = (
				FAE469B21BB3264D00B6E4BA /* SMSenseMatters */,
				FAF551471C980DEB00C001AA /* SMSenseMattersTests */,
			);
		};
/* End PBXProject section */

/* Begin PBXResourcesBuildPhase section */
		FAF551461C980DEB00C001AA /* Resources */ = {
			isa = PBXResourcesBuildPhase;
			buildActionMask = 2147483647;
			files = (
			);
			runOnlyForDeploymentPostprocessing = 0;
		};
/* End PBXResourcesBuildPhase section */

/* Begin PBXSourcesBuildPhase section */
		FAE469AF1BB3264D00B6E4BA /* Sources */ = {
			isa = PBXSourcesBuildPhase;
			buildActionMask = 2147483647;
			files = (
				FAE469B91BB3264D00B6E4BA /* SMSenseMatters.m in Sources */,
				FAE469FA1BB3359700B6E4BA /* SMSensor.m in Sources */,
				FAE46A141BB40B4100B6E4BA /* SMBluetoothDiscoverySensor.m in Sources */,
				FAE46A021BB4057100B6E4BA /* SMBatterySensor.m in Sources */,
				FA9567A71CA8933100D87123 /* SMGeoPositionData.m in Sources */,
				FAE469F81BB3359700B6E4BA /* SMGyroscopeSensor.m in Sources */,
				FAE469EE1BB3357900B6E4BA /* SMSensorData.m in Sources */,
				FAE46A0E1BB409A300B6E4BA /* SMProximitySensor.m in Sources */,
				FA9CF3C71BDFBEE1005F906C /* SMStepSensor.m in Sources */,
				FAE46A0A1BB4098A00B6E4BA /* SMProximityData.m in Sources */,
				FA9567AB1CA8934600D87123 /* SMLocationSensor.m in Sources */,
				FAE469EC1BB3357900B6E4BA /* SM3DMotionSensorData.m in Sources */,
				FA0D87251C9AF1E40098F7A6 /* SMBluetoothDevice.m in Sources */,
				FA9CF3CB1BDFBF5E005F906C /* SMStepsData.m in Sources */,
				FA0D87291C9AF20C0098F7A6 /* SMBluetoothData.m in Sources */,
				FAE469F61BB3359700B6E4BA /* SMAccelerometerSensor.m in Sources */,
				FAE46A061BB4061800B6E4BA /* SMBatteryData.m in Sources */,
				FAFE5E601BDFC8CE00D34420 /* SMMagnetometerSensor.m in Sources */,
			);
			runOnlyForDeploymentPostprocessing = 0;
		};
		FAF551441C980DEB00C001AA /* Sources */ = {
			isa = PBXSourcesBuildPhase;
			buildActionMask = 2147483647;
			files = (
				FAF551581C9815B400C001AA /* SMBatteryDataTests.m in Sources */,
				FA5D45691C997D6900F0C119 /* SMBatterySensorTests.m in Sources */,
				FAF551541C980ED100C001AA /* SM3DMotionSensorDataTests.m in Sources */,
				FA9567AE1CA8969600D87123 /* SMGeoPositionDataTests.m in Sources */,
				FA5D45651C9978A200F0C119 /* SMStepsDataTests.m in Sources */,
				FAF5514B1C980DEB00C001AA /* SMSenseMattersTests.m in Sources */,
				FA5D45631C99761900F0C119 /* SMProximityDataTests.m in Sources */,
			);
			runOnlyForDeploymentPostprocessing = 0;
		};
/* End PBXSourcesBuildPhase section */

/* Begin PBXTargetDependency section */
		FAF5514F1C980DEB00C001AA /* PBXTargetDependency */ = {
			isa = PBXTargetDependency;
			target = FAE469B21BB3264D00B6E4BA /* SMSenseMatters */;
			targetProxy = FAF5514E1C980DEB00C001AA /* PBXContainerItemProxy */;
		};
/* End PBXTargetDependency section */

/* Begin XCBuildConfiguration section */
		FAE469BA1BB3264D00B6E4BA /* Debug */ = {
			isa = XCBuildConfiguration;
			buildSettings = {
				ALWAYS_SEARCH_USER_PATHS = NO;
				CLANG_CXX_LANGUAGE_STANDARD = "gnu++0x";
				CLANG_CXX_LIBRARY = "libc++";
				CLANG_ENABLE_MODULES = YES;
				CLANG_ENABLE_OBJC_ARC = YES;
				CLANG_WARN_BOOL_CONVERSION = YES;
				CLANG_WARN_CONSTANT_CONVERSION = YES;
				CLANG_WARN_DIRECT_OBJC_ISA_USAGE = YES_ERROR;
				CLANG_WARN_EMPTY_BODY = YES;
				CLANG_WARN_ENUM_CONVERSION = YES;
				CLANG_WARN_INT_CONVERSION = YES;
				CLANG_WARN_OBJC_ROOT_CLASS = YES_ERROR;
				CLANG_WARN_UNREACHABLE_CODE = YES;
				CLANG_WARN__DUPLICATE_METHOD_MATCH = YES;
				COPY_PHASE_STRIP = NO;
				DEBUG_INFORMATION_FORMAT = dwarf;
				ENABLE_STRICT_OBJC_MSGSEND = YES;
				ENABLE_TESTABILITY = YES;
				GCC_C_LANGUAGE_STANDARD = gnu99;
				GCC_DYNAMIC_NO_PIC = NO;
				GCC_NO_COMMON_BLOCKS = YES;
				GCC_OPTIMIZATION_LEVEL = 0;
				GCC_PREPROCESSOR_DEFINITIONS = (
					"DEBUG=1",
					"$(inherited)",
				);
				GCC_WARN_64_TO_32_BIT_CONVERSION = YES;
				GCC_WARN_ABOUT_RETURN_TYPE = YES_ERROR;
				GCC_WARN_UNDECLARED_SELECTOR = YES;
				GCC_WARN_UNINITIALIZED_AUTOS = YES_AGGRESSIVE;
				GCC_WARN_UNUSED_FUNCTION = YES;
				GCC_WARN_UNUSED_VARIABLE = YES;
				IPHONEOS_DEPLOYMENT_TARGET = 9.0;
				MTL_ENABLE_DEBUG_INFO = YES;
				ONLY_ACTIVE_ARCH = YES;
				SDKROOT = iphoneos;
			};
			name = Debug;
		};
		FAE469BB1BB3264D00B6E4BA /* Release */ = {
			isa = XCBuildConfiguration;
			buildSettings = {
				ALWAYS_SEARCH_USER_PATHS = NO;
				CLANG_CXX_LANGUAGE_STANDARD = "gnu++0x";
				CLANG_CXX_LIBRARY = "libc++";
				CLANG_ENABLE_MODULES = YES;
				CLANG_ENABLE_OBJC_ARC = YES;
				CLANG_WARN_BOOL_CONVERSION = YES;
				CLANG_WARN_CONSTANT_CONVERSION = YES;
				CLANG_WARN_DIRECT_OBJC_ISA_USAGE = YES_ERROR;
				CLANG_WARN_EMPTY_BODY = YES;
				CLANG_WARN_ENUM_CONVERSION = YES;
				CLANG_WARN_INT_CONVERSION = YES;
				CLANG_WARN_OBJC_ROOT_CLASS = YES_ERROR;
				CLANG_WARN_UNREACHABLE_CODE = YES;
				CLANG_WARN__DUPLICATE_METHOD_MATCH = YES;
				COPY_PHASE_STRIP = NO;
				DEBUG_INFORMATION_FORMAT = "dwarf-with-dsym";
				ENABLE_NS_ASSERTIONS = NO;
				ENABLE_STRICT_OBJC_MSGSEND = YES;
				GCC_C_LANGUAGE_STANDARD = gnu99;
				GCC_NO_COMMON_BLOCKS = YES;
				GCC_WARN_64_TO_32_BIT_CONVERSION = YES;
				GCC_WARN_ABOUT_RETURN_TYPE = YES_ERROR;
				GCC_WARN_UNDECLARED_SELECTOR = YES;
				GCC_WARN_UNINITIALIZED_AUTOS = YES_AGGRESSIVE;
				GCC_WARN_UNUSED_FUNCTION = YES;
				GCC_WARN_UNUSED_VARIABLE = YES;
				IPHONEOS_DEPLOYMENT_TARGET = 9.0;
				MTL_ENABLE_DEBUG_INFO = NO;
				SDKROOT = iphoneos;
				VALIDATE_PRODUCT = YES;
			};
			name = Release;
		};
		FAE469BD1BB3264D00B6E4BA /* Debug */ = {
			isa = XCBuildConfiguration;
			buildSettings = {
				DEAD_CODE_STRIPPING = NO;
				FRAMEWORK_SEARCH_PATHS = (
					"$(inherited)",
					"$(PROJECT_DIR)",
				);
				IPHONEOS_DEPLOYMENT_TARGET = 8.0;
				OTHER_LDFLAGS = "-ObjC";
				PRODUCT_NAME = "$(TARGET_NAME)";
				PUBLIC_HEADERS_FOLDER_PATH = "include/$(PROJECT_NAME)";
				SKIP_INSTALL = YES;
				STRIP_STYLE = "non-global";
			};
			name = Debug;
		};
		FAE469BE1BB3264D00B6E4BA /* Release */ = {
			isa = XCBuildConfiguration;
			buildSettings = {
				DEAD_CODE_STRIPPING = NO;
				FRAMEWORK_SEARCH_PATHS = (
					"$(inherited)",
					"$(PROJECT_DIR)",
				);
				IPHONEOS_DEPLOYMENT_TARGET = 8.0;
				OTHER_LDFLAGS = "-ObjC";
				PRODUCT_NAME = "$(TARGET_NAME)";
				PUBLIC_HEADERS_FOLDER_PATH = "include/$(PROJECT_NAME)";
				SKIP_INSTALL = YES;
				STRIP_STYLE = "non-global";
			};
			name = Release;
		};
		FAF551501C980DEB00C001AA /* Debug */ = {
			isa = XCBuildConfiguration;
			buildSettings = {
				"CODE_SIGN_IDENTITY[sdk=iphoneos*]" = "iPhone Developer";
				INFOPLIST_FILE = SMSenseMattersTests/Info.plist;
				IPHONEOS_DEPLOYMENT_TARGET = 9.2;
				LD_RUNPATH_SEARCH_PATHS = "$(inherited) @executable_path/Frameworks @loader_path/Frameworks";
				PRODUCT_BUNDLE_IDENTIFIER = com.alexblundell.SMSenseMattersTests;
				PRODUCT_NAME = "$(TARGET_NAME)";
			};
			name = Debug;
		};
		FAF551511C980DEB00C001AA /* Release */ = {
			isa = XCBuildConfiguration;
			buildSettings = {
				"CODE_SIGN_IDENTITY[sdk=iphoneos*]" = "iPhone Developer";
				INFOPLIST_FILE = SMSenseMattersTests/Info.plist;
				IPHONEOS_DEPLOYMENT_TARGET = 9.2;
				LD_RUNPATH_SEARCH_PATHS = "$(inherited) @executable_path/Frameworks @loader_path/Frameworks";
				PRODUCT_BUNDLE_IDENTIFIER = com.alexblundell.SMSenseMattersTests;
				PRODUCT_NAME = "$(TARGET_NAME)";
			};
			name = Release;
		};
/* End XCBuildConfiguration section */

/* Begin XCConfigurationList section */
		FAE469AE1BB3264D00B6E4BA /* Build configuration list for PBXProject "SMSenseMatters" */ = {
			isa = XCConfigurationList;
			buildConfigurations = (
				FAE469BA1BB3264D00B6E4BA /* Debug */,
				FAE469BB1BB3264D00B6E4BA /* Release */,
			);
			defaultConfigurationIsVisible = 0;
			defaultConfigurationName = Release;
		};
		FAE469BC1BB3264D00B6E4BA /* Build configuration list for PBXNativeTarget "SMSenseMatters" */ = {
			isa = XCConfigurationList;
			buildConfigurations = (
				FAE469BD1BB3264D00B6E4BA /* Debug */,
				FAE469BE1BB3264D00B6E4BA /* Release */,
			);
			defaultConfigurationIsVisible = 0;
			defaultConfigurationName = Release;
		};
		FAF551521C980DEB00C001AA /* Build configuration list for PBXNativeTarget "SMSenseMattersTests" */ = {
			isa = XCConfigurationList;
			buildConfigurations = (
				FAF551501C980DEB00C001AA /* Debug */,
				FAF551511C980DEB00C001AA /* Release */,
			);
			defaultConfigurationIsVisible = 0;
			defaultConfigurationName = Release;
		};
/* End XCConfigurationList section */
	};
	rootObject = FAE469AB1BB3264D00B6E4BA /* Project object */;
}
